{
  "name": "snake-game-mobile",
  "version": "1.0.0",
  "lockfileVersion": 3,
  "requires": true,
  "packages": {
    "": {
      "name": "snake-game-mobile",
      "version": "1.0.0",
      "license": "MIT",
      "devDependencies": {
        "@capacitor/android": "^6.1.0",
        "@capacitor/cli": "^6.1.0",
        "@capacitor/core": "^6.1.0",
        "@capacitor/status-bar": "^6.0.0"
      }
    },
    "node_modules/@capacitor/android": {
      "version": "6.1.2",
      "resolved": "https://registry.npmjs.org/@capacitor/android/-/android-6.1.2.tgz",
      "integrity": "sha512-PwNnGPcAV+WZE2r23FNenwsLaSBBggZVz+g8chcS691iSYSTsk6k2VidEgTt1YQHEgq+FPBt+Oy/dMjIqoA1eA==",
      "dev": true,
      "peerDependencies": {
        "@capacitor/core": "^6.1.0"
      }
    },
    "node_modules/@capacitor/cli": {
      "version": "6.1.2",
      "resolved": "https://registry.npmjs.org/@capacitor/cli/-/cli-6.1.2.tgz",
      "integrity": "sha512-VNIEnoUZvmXsR9i/8s7ZtFRB6CgFJSWqSqCdHpDoGRWa7DUhQpFN2TNJF2d7VN0nQKR7qm4M0SIWBg3TkmIIg==",
      "dev": true,
      "bin": {
        "capacitor": "bin/capacitor",
        "cap": "bin/capacitor"
      },
      "engines": {
        "node": ">=18.0.0"
      }
    },
    "node_modules/@capacitor/core": {
      "version": "6.1.2",
      "resolved": "https://registry.npmjs.org/@capacitor/core/-/core-6.1.2.tgz",
      "integrity": "sha512-xFy1S4E63a0HEUa0HEaKTeNgVlmqWEA/anbKTeCNm3b7UHkleuS8UtkGqWpQqbvWdMxC5WVlQZMHuBGMXx5J1WR5g==",
      "dev": true,
      "dependencies": {
        "tslib": "^2.1.0"
      }
    },
    "node_modules/@capacitor/status-bar": {
      "version": "6.0.1",
      "resolved": "https://registry.npmjs.org/@capacitor/status-bar/-/status-bar-6.0.1.tgz",
      "integrity": "sha512-KblEV35OfoZfQp6b0c9giuLGVd7S3Fg8Q2U8kpgh7hjswIMPxl3VBjTfmn7GQUJKy6bgC8tbPEuU2JW/wNM9i+g==",
      "dev": true,
      "peerDependencies": {
        "@capacitor/core": "^6.0.0"
      }
    },
    "node_modules/tslib": {
      "version": "2.6.2",
      "resolved": "https://registry.npmjs.org/tslib/-/tslib-2.6.2.tgz",
      "integrity": "sha512-AEcv3pRkSV4I2JqZL1lJZMq+71R1EJdDh3MsbBb6d5c6xjgXk3tGQRq9FxhxpUwZQO00E1WjYz7q8aPmRxdSQ==",
      "dev": true,
      "peer": true
    }
  }
}